
Microsoft Visual Studio Solution File, Format Version 12.00
# Visual Studio Version 16
VisualStudioVersion = 16.0.29009.5
MinimumVisualStudioVersion = 10.0.40219.1
Project("{9A19103F-16F7-4668-BE54-9A1E7A4F7556}") = "CS.Edu.Tests", "CS.Edu.Tests\CS.Edu.Tests.csproj", "{241AC005-F27D-42F2-A0A9-8A5F94B5CAD2}"
EndProject
Project("{9A19103F-16F7-4668-BE54-9A1E7A4F7556}") = "CS.Edu.Core", "CS.Edu.Core\CS.Edu.Core.csproj", "{58A58B78-E76F-4D63-8866-AAC07618CB4B}"
EndProject
Project("{FAE04EC0-301F-11D3-BF4B-00C04F79EFBC}") = "CS.Edu.Benchmarks", "CS.Edu.Benchmarks\CS.Edu.Benchmarks.csproj", "{B97C3703-DF3A-4299-90A1-C95972015599}"
EndProject
Global
	GlobalSection(SolutionConfigurationPlatforms) = preSolution
		Debug|Any CPU = Debug|Any CPU
		Release|Any CPU = Release|Any CPU
	EndGlobalSection
	GlobalSection(ProjectConfigurationPlatforms) = postSolution
		{241AC005-F27D-42F2-A0A9-8A5F94B5CAD2}.Debug|Any CPU.ActiveCfg = Debug|Any CPU
		{241AC005-F27D-42F2-A0A9-8A5F94B5CAD2}.Debug|Any CPU.Build.0 = Debug|Any CPU
		{241AC005-F27D-42F2-A0A9-8A5F94B5CAD2}.Release|Any CPU.ActiveCfg = Release|Any CPU
		{241AC005-F27D-42F2-A0A9-8A5F94B5CAD2}.Release|Any CPU.Build.0 = Release|Any CPU
		{58A58B78-E76F-4D63-8866-AAC07618CB4B}.Debug|Any CPU.ActiveCfg = Debug|Any CPU
		{58A58B78-E76F-4D63-8866-AAC07618CB4B}.Debug|Any CPU.Build.0 = Debug|Any CPU
		{58A58B78-E76F-4D63-8866-AAC07618CB4B}.Release|Any CPU.ActiveCfg = Release|Any CPU
		{58A58B78-E76F-4D63-8866-AAC07618CB4B}.Release|Any CPU.Build.0 = Release|Any CPU
		{B97C3703-DF3A-4299-90A1-C95972015599}.Debug|Any CPU.ActiveCfg = Debug|Any CPU
		{B97C3703-DF3A-4299-90A1-C95972015599}.Debug|Any CPU.Build.0 = Debug|Any CPU
		{B97C3703-DF3A-4299-90A1-C95972015599}.Release|Any CPU.ActiveCfg = Release|Any CPU
		{B97C3703-DF3A-4299-90A1-C95972015599}.Release|Any CPU.Build.0 = Release|Any CPU
	EndGlobalSection
	GlobalSection(SolutionProperties) = preSolution
		HideSolutionNode = FALSE
	EndGlobalSection
	GlobalSection(ExtensibilityGlobals) = postSolution
		SolutionGuid = {341C41E7-AB8E-4CCF-B321-96EA497829CA}
	EndGlobalSection
EndGlobal
